PODS:
  - SlackTextViewController (1.9.3)
  - Socket.IO-Client-Swift (6.1.2)
  - SwiftyJSON (2.3.2)

DEPENDENCIES:
  - SlackTextViewController
  - Socket.IO-Client-Swift (~> 6.1.2)
  - SwiftyJSON

SPEC CHECKSUMS:
  SlackTextViewController: bd2a34c188d4f7dec93cf42388f38551263fac82
  Socket.IO-Client-Swift: 60a60e8bfd7b16bc57c90ff6329e9f536b5eacdd
  SwiftyJSON: 04ccea08915aa0109039157c7974cf0298da292a

COCOAPODS: 0.39.0
