// !$*UTF8*$!
{
	archiveVersion = 1;
	classes = {
	};
	objectVersion = 46;
	objects = {

/* Begin PBXBuildFile section */
		1BE4F79E2C698991CBDC71EF /* Pods_MicroChat.framework in Frameworks */ = {isa = PBXBuildFile; fileRef = 7386E6211C803C30E5DE1D14 /* Pods_MicroChat.framework */; };
		654458991CF5367400CA5F4C /* AppDelegate.swift in Sources */ = {isa = PBXBuildFile; fileRef = 654458981CF5367400CA5F4C /* AppDelegate.swift */; };
		6544589B1CF5367400CA5F4C /* ChatViewController.swift in Sources */ = {isa = PBXBuildFile; fileRef = 6544589A1CF5367400CA5F4C /* ChatViewController.swift */; };
		654458A01CF5367400CA5F4C /* Assets.xcassets in Resources */ = {isa = PBXBuildFile; fileRef = 6544589F1CF5367400CA5F4C /* Assets.xcassets */; };
		654458A31CF5367400CA5F4C /* LaunchScreen.storyboard in Resources */ = {isa = PBXBuildFile; fileRef = 654458A11CF5367400CA5F4C /* LaunchScreen.storyboard */; };
		658C50BD1CF774F300336DF4 /* Network.swift in Sources */ = {isa = PBXBuildFile; fileRef = 658C50BC1CF774F300336DF4 /* Network.swift */; };
		658C50E31CF77EEA00336DF4 /* Classes+Extensions.swift in Sources */ = {isa = PBXBuildFile; fileRef = 658C50E21CF77EEA00336DF4 /* Classes+Extensions.swift */; };
		658C50E61CF77F0F00336DF4 /* Constants.swift in Sources */ = {isa = PBXBuildFile; fileRef = 658C50E51CF77F0F00336DF4 /* Constants.swift */; };
		658C50E81CF77F7300336DF4 /* ColorScheme.swift in Sources */ = {isa = PBXBuildFile; fileRef = 658C50E71CF77F7300336DF4 /* ColorScheme.swift */; };
		659D45BB1CF6A46E0032C3C9 /* PeopleViewController.swift in Sources */ = {isa = PBXBuildFile; fileRef = 659D45BA1CF6A46E0032C3C9 /* PeopleViewController.swift */; };
		659D45BE1CF6A5C00032C3C9 /* UserCell.swift in Sources */ = {isa = PBXBuildFile; fileRef = 659D45BC1CF6A5C00032C3C9 /* UserCell.swift */; };
		659D45BF1CF6A5C00032C3C9 /* UserCell.xib in Resources */ = {isa = PBXBuildFile; fileRef = 659D45BD1CF6A5C00032C3C9 /* UserCell.xib */; };
		659D45C21CF6A5EF0032C3C9 /* MessageCell.swift in Sources */ = {isa = PBXBuildFile; fileRef = 659D45C01CF6A5EF0032C3C9 /* MessageCell.swift */; };
		659D45C31CF6A5EF0032C3C9 /* MessageCell.xib in Resources */ = {isa = PBXBuildFile; fileRef = 659D45C11CF6A5EF0032C3C9 /* MessageCell.xib */; };
		659D45C71CF6A63B0032C3C9 /* User.swift in Sources */ = {isa = PBXBuildFile; fileRef = 659D45C61CF6A63B0032C3C9 /* User.swift */; };
		659D45C91CF6A6410032C3C9 /* Message.swift in Sources */ = {isa = PBXBuildFile; fileRef = 659D45C81CF6A6410032C3C9 /* Message.swift */; };
		659D45CF1CF6B82C0032C3C9 /* LoginViewController.swift in Sources */ = {isa = PBXBuildFile; fileRef = 659D45CD1CF6B82C0032C3C9 /* LoginViewController.swift */; };
		659D45D01CF6B82C0032C3C9 /* LoginViewController.xib in Resources */ = {isa = PBXBuildFile; fileRef = 659D45CE1CF6B82C0032C3C9 /* LoginViewController.xib */; };
/* End PBXBuildFile section */

/* Begin PBXFileReference section */
		4F6B4FE4D865511151924E0B /* Pods.framework */ = {isa = PBXFileReference; explicitFileType = wrapper.framework; includeInIndex = 0; path = Pods.framework; sourceTree = BUILT_PRODUCTS_DIR; };
		654458951CF5367300CA5F4C /* MicroChat.app */ = {isa = PBXFileReference; explicitFileType = wrapper.application; includeInIndex = 0; path = MicroChat.app; sourceTree = BUILT_PRODUCTS_DIR; };
		654458981CF5367400CA5F4C /* AppDelegate.swift */ = {isa = PBXFileReference; lastKnownFileType = sourcecode.swift; path = AppDelegate.swift; sourceTree = "<group>"; };
		6544589A1CF5367400CA5F4C /* ChatViewController.swift */ = {isa = PBXFileReference; lastKnownFileType = sourcecode.swift; path = ChatViewController.swift; sourceTree = "<group>"; };
		6544589F1CF5367400CA5F4C /* Assets.xcassets */ = {isa = PBXFileReference; lastKnownFileType = folder.assetcatalog; path = Assets.xcassets; sourceTree = "<group>"; };
		654458A21CF5367400CA5F4C /* Base */ = {isa = PBXFileReference; lastKnownFileType = file.storyboard; name = Base; path = Base.lproj/LaunchScreen.storyboard; sourceTree = "<group>"; };
		654458A41CF5367400CA5F4C /* Info.plist */ = {isa = PBXFileReference; lastKnownFileType = text.plist.xml; path = Info.plist; sourceTree = "<group>"; };
		658C50BC1CF774F300336DF4 /* Network.swift */ = {isa = PBXFileReference; fileEncoding = 4; lastKnownFileType = sourcecode.swift; path = Network.swift; sourceTree = "<group>"; };
		658C50E21CF77EEA00336DF4 /* Classes+Extensions.swift */ = {isa = PBXFileReference; fileEncoding = 4; lastKnownFileType = sourcecode.swift; path = "Classes+Extensions.swift"; sourceTree = "<group>"; };
		658C50E51CF77F0F00336DF4 /* Constants.swift */ = {isa = PBXFileReference; fileEncoding = 4; lastKnownFileType = sourcecode.swift; path = Constants.swift; sourceTree = "<group>"; };
		658C50E71CF77F7300336DF4 /* ColorScheme.swift */ = {isa = PBXFileReference; fileEncoding = 4; lastKnownFileType = sourcecode.swift; path = ColorScheme.swift; sourceTree = "<group>"; };
		659D45BA1CF6A46E0032C3C9 /* PeopleViewController.swift */ = {isa = PBXFileReference; fileEncoding = 4; lastKnownFileType = sourcecode.swift; path = PeopleViewController.swift; sourceTree = "<group>"; };
		659D45BC1CF6A5C00032C3C9 /* UserCell.swift */ = {isa = PBXFileReference; fileEncoding = 4; lastKnownFileType = sourcecode.swift; path = UserCell.swift; sourceTree = "<group>"; };
		659D45BD1CF6A5C00032C3C9 /* UserCell.xib */ = {isa = PBXFileReference; fileEncoding = 4; lastKnownFileType = file.xib; path = UserCell.xib; sourceTree = "<group>"; };
		659D45C01CF6A5EF0032C3C9 /* MessageCell.swift */ = {isa = PBXFileReference; fileEncoding = 4; lastKnownFileType = sourcecode.swift; path = MessageCell.swift; sourceTree = "<group>"; };
		659D45C11CF6A5EF0032C3C9 /* MessageCell.xib */ = {isa = PBXFileReference; fileEncoding = 4; lastKnownFileType = file.xib; path = MessageCell.xib; sourceTree = "<group>"; };
		659D45C61CF6A63B0032C3C9 /* User.swift */ = {isa = PBXFileReference; fileEncoding = 4; lastKnownFileType = sourcecode.swift; path = User.swift; sourceTree = "<group>"; };
		659D45C81CF6A6410032C3C9 /* Message.swift */ = {isa = PBXFileReference; fileEncoding = 4; lastKnownFileType = sourcecode.swift; path = Message.swift; sourceTree = "<group>"; };
		659D45CD1CF6B82C0032C3C9 /* LoginViewController.swift */ = {isa = PBXFileReference; fileEncoding = 4; lastKnownFileType = sourcecode.swift; path = LoginViewController.swift; sourceTree = "<group>"; };
		659D45CE1CF6B82C0032C3C9 /* LoginViewController.xib */ = {isa = PBXFileReference; fileEncoding = 4; lastKnownFileType = file.xib; path = LoginViewController.xib; sourceTree = "<group>"; };
		7386E6211C803C30E5DE1D14 /* Pods_MicroChat.framework */ = {isa = PBXFileReference; explicitFileType = wrapper.framework; includeInIndex = 0; path = Pods_MicroChat.framework; sourceTree = BUILT_PRODUCTS_DIR; };
		C3BDFE0EDAC6A51D64464A6C /* Pods-MicroChat.debug.xcconfig */ = {isa = PBXFileReference; includeInIndex = 1; lastKnownFileType = text.xcconfig; name = "Pods-MicroChat.debug.xcconfig"; path = "Pods/Target Support Files/Pods-MicroChat/Pods-MicroChat.debug.xcconfig"; sourceTree = "<group>"; };
		C3C412E47B706C8DA1A33698 /* Pods-MicroChat.release.xcconfig */ = {isa = PBXFileReference; includeInIndex = 1; lastKnownFileType = text.xcconfig; name = "Pods-MicroChat.release.xcconfig"; path = "Pods/Target Support Files/Pods-MicroChat/Pods-MicroChat.release.xcconfig"; sourceTree = "<group>"; };
/* End PBXFileReference section */

/* Begin PBXFrameworksBuildPhase section */
		654458921CF5367300CA5F4C /* Frameworks */ = {
			isa = PBXFrameworksBuildPhase;
			buildActionMask = 2147483647;
			files = (
				1BE4F79E2C698991CBDC71EF /* Pods_MicroChat.framework in Frameworks */,
			);
			runOnlyForDeploymentPostprocessing = 0;
		};
/* End PBXFrameworksBuildPhase section */

/* Begin PBXGroup section */
		6544588C1CF5367300CA5F4C = {
			isa = PBXGroup;
			children = (
				654458971CF5367400CA5F4C /* MicroChat */,
				654458961CF5367300CA5F4C /* Products */,
				FF0FC7ACB6F74B340ABDF568 /* Frameworks */,
				B0FCD905F09C16102279A393 /* Pods */,
			);
			sourceTree = "<group>";
		};
		654458961CF5367300CA5F4C /* Products */ = {
			isa = PBXGroup;
			children = (
				654458951CF5367300CA5F4C /* MicroChat.app */,
			);
			name = Products;
			sourceTree = "<group>";
		};
		654458971CF5367400CA5F4C /* MicroChat */ = {
			isa = PBXGroup;
			children = (
				658C50E91CF7810900336DF4 /* Application */,
				659D45CC1CF6B7F10032C3C9 /* Controllers */,
				659D45C41CF6A5F40032C3C9 /* Cells */,
				659D45C51CF6A62F0032C3C9 /* Model */,
				659D45D11CF6BAB80032C3C9 /* Networking */,
				658C50E41CF77EF500336DF4 /* Supporting Files */,
			);
			path = MicroChat;
			sourceTree = "<group>";
		};
		658C50E41CF77EF500336DF4 /* Supporting Files */ = {
			isa = PBXGroup;
			children = (
				658C50E51CF77F0F00336DF4 /* Constants.swift */,
				658C50E21CF77EEA00336DF4 /* Classes+Extensions.swift */,
				658C50E71CF77F7300336DF4 /* ColorScheme.swift */,
			);
			name = "Supporting Files";
			sourceTree = "<group>";
		};
		658C50E91CF7810900336DF4 /* Application */ = {
			isa = PBXGroup;
			children = (
				654458981CF5367400CA5F4C /* AppDelegate.swift */,
				6544589F1CF5367400CA5F4C /* Assets.xcassets */,
				654458A11CF5367400CA5F4C /* LaunchScreen.storyboard */,
				654458A41CF5367400CA5F4C /* Info.plist */,
			);
			name = Application;
			sourceTree = "<group>";
		};
		659D45C41CF6A5F40032C3C9 /* Cells */ = {
			isa = PBXGroup;
			children = (
				659D45BC1CF6A5C00032C3C9 /* UserCell.swift */,
				659D45BD1CF6A5C00032C3C9 /* UserCell.xib */,
				659D45C01CF6A5EF0032C3C9 /* MessageCell.swift */,
				659D45C11CF6A5EF0032C3C9 /* MessageCell.xib */,
			);
			name = Cells;
			sourceTree = "<group>";
		};
		659D45C51CF6A62F0032C3C9 /* Model */ = {
			isa = PBXGroup;
			children = (
				659D45C61CF6A63B0032C3C9 /* User.swift */,
				659D45C81CF6A6410032C3C9 /* Message.swift */,
			);
			name = Model;
			sourceTree = "<group>";
		};
		659D45CC1CF6B7F10032C3C9 /* Controllers */ = {
			isa = PBXGroup;
			children = (
				659D45CD1CF6B82C0032C3C9 /* LoginViewController.swift */,
				659D45CE1CF6B82C0032C3C9 /* LoginViewController.xib */,
				659D45BA1CF6A46E0032C3C9 /* PeopleViewController.swift */,
				6544589A1CF5367400CA5F4C /* ChatViewController.swift */,
			);
			name = Controllers;
			sourceTree = "<group>";
		};
		659D45D11CF6BAB80032C3C9 /* Networking */ = {
			isa = PBXGroup;
			children = (
				658C50BC1CF774F300336DF4 /* Network.swift */,
			);
			name = Networking;
			sourceTree = "<group>";
		};
		B0FCD905F09C16102279A393 /* Pods */ = {
			isa = PBXGroup;
			children = (
				C3BDFE0EDAC6A51D64464A6C /* Pods-MicroChat.debug.xcconfig */,
				C3C412E47B706C8DA1A33698 /* Pods-MicroChat.release.xcconfig */,
			);
			name = Pods;
			sourceTree = "<group>";
		};
		FF0FC7ACB6F74B340ABDF568 /* Frameworks */ = {
			isa = PBXGroup;
			children = (
				4F6B4FE4D865511151924E0B /* Pods.framework */,
				7386E6211C803C30E5DE1D14 /* Pods_MicroChat.framework */,
			);
			name = Frameworks;
			sourceTree = "<group>";
		};
/* End PBXGroup section */

/* Begin PBXNativeTarget section */
		654458941CF5367300CA5F4C /* MicroChat */ = {
			isa = PBXNativeTarget;
			buildConfigurationList = 654458A71CF5367400CA5F4C /* Build configuration list for PBXNativeTarget "MicroChat" */;
			buildPhases = (
				92AF5214A07DC5AD0F432EE5 /* 📦 Check Pods Manifest.lock */,
				654458911CF5367300CA5F4C /* Sources */,
				654458921CF5367300CA5F4C /* Frameworks */,
				654458931CF5367300CA5F4C /* Resources */,
				D16018E1407A9D833135C256 /* 📦 Embed Pods Frameworks */,
				35A972FDA547C7A23691A182 /* 📦 Copy Pods Resources */,
			);
			buildRules = (
			);
			dependencies = (
			);
			name = MicroChat;
			productName = SocketChat;
			productReference = 654458951CF5367300CA5F4C /* MicroChat.app */;
			productType = "com.apple.product-type.application";
		};
/* End PBXNativeTarget section */

/* Begin PBXProject section */
		6544588D1CF5367300CA5F4C /* Project object */ = {
			isa = PBXProject;
			attributes = {
				LastSwiftUpdateCheck = 0730;
				LastUpgradeCheck = 0730;
				ORGANIZATIONNAME = dantheli;
				TargetAttributes = {
					654458941CF5367300CA5F4C = {
						CreatedOnToolsVersion = 7.3.1;
						DevelopmentTeam = RNCTC44528;
					};
				};
			};
			buildConfigurationList = 654458901CF5367300CA5F4C /* Build configuration list for PBXProject "MicroChat" */;
			compatibilityVersion = "Xcode 3.2";
			developmentRegion = English;
			hasScannedForEncodings = 0;
			knownRegions = (
				en,
				Base,
			);
			mainGroup = 6544588C1CF5367300CA5F4C;
			productRefGroup = 654458961CF5367300CA5F4C /* Products */;
			projectDirPath = "";
			projectRoot = "";
			targets = (
				654458941CF5367300CA5F4C /* MicroChat */,
			);
		};
/* End PBXProject section */

/* Begin PBXResourcesBuildPhase section */
		654458931CF5367300CA5F4C /* Resources */ = {
			isa = PBXResourcesBuildPhase;
			buildActionMask = 2147483647;
			files = (
				659D45D01CF6B82C0032C3C9 /* LoginViewController.xib in Resources */,
				654458A31CF5367400CA5F4C /* LaunchScreen.storyboard in Resources */,
				659D45C31CF6A5EF0032C3C9 /* MessageCell.xib in Resources */,
				654458A01CF5367400CA5F4C /* Assets.xcassets in Resources */,
				659D45BF1CF6A5C00032C3C9 /* UserCell.xib in Resources */,
			);
			runOnlyForDeploymentPostprocessing = 0;
		};
/* End PBXResourcesBuildPhase section */

/* Begin PBXShellScriptBuildPhase section */
		35A972FDA547C7A23691A182 /* 📦 Copy Pods Resources */ = {
			isa = PBXShellScriptBuildPhase;
			buildActionMask = 2147483647;
			files = (
			);
			inputPaths = (
			);
			name = "📦 Copy Pods Resources";
			outputPaths = (
			);
			runOnlyForDeploymentPostprocessing = 0;
			shellPath = /bin/sh;
			shellScript = "\"${SRCROOT}/Pods/Target Support Files/Pods-MicroChat/Pods-MicroChat-resources.sh\"\n";
			showEnvVarsInLog = 0;
		};
		92AF5214A07DC5AD0F432EE5 /* 📦 Check Pods Manifest.lock */ = {
			isa = PBXShellScriptBuildPhase;
			buildActionMask = 2147483647;
			files = (
			);
			inputPaths = (
			);
			name = "📦 Check Pods Manifest.lock";
			outputPaths = (
			);
			runOnlyForDeploymentPostprocessing = 0;
			shellPath = /bin/sh;
			shellScript = "diff \"${PODS_ROOT}/../Podfile.lock\" \"${PODS_ROOT}/Manifest.lock\" > /dev/null\nif [[ $? != 0 ]] ; then\n    cat << EOM\nerror: The sandbox is not in sync with the Podfile.lock. Run 'pod install' or update your CocoaPods installation.\nEOM\n    exit 1\nfi\n";
			showEnvVarsInLog = 0;
		};
		D16018E1407A9D833135C256 /* 📦 Embed Pods Frameworks */ = {
			isa = PBXShellScriptBuildPhase;
			buildActionMask = 2147483647;
			files = (
			);
			inputPaths = (
			);
			name = "📦 Embed Pods Frameworks";
			outputPaths = (
			);
			runOnlyForDeploymentPostprocessing = 0;
			shellPath = /bin/sh;
			shellScript = "\"${SRCROOT}/Pods/Target Support Files/Pods-MicroChat/Pods-MicroChat-frameworks.sh\"\n";
			showEnvVarsInLog = 0;
		};
/* End PBXShellScriptBuildPhase section */

/* Begin PBXSourcesBuildPhase section */
		654458911CF5367300CA5F4C /* Sources */ = {
			isa = PBXSourcesBuildPhase;
			buildActionMask = 2147483647;
			files = (
				658C50E31CF77EEA00336DF4 /* Classes+Extensions.swift in Sources */,
				658C50E61CF77F0F00336DF4 /* Constants.swift in Sources */,
				659D45C71CF6A63B0032C3C9 /* User.swift in Sources */,
				6544589B1CF5367400CA5F4C /* ChatViewController.swift in Sources */,
				658C50E81CF77F7300336DF4 /* ColorScheme.swift in Sources */,
				659D45C21CF6A5EF0032C3C9 /* MessageCell.swift in Sources */,
				659D45BE1CF6A5C00032C3C9 /* UserCell.swift in Sources */,
				659D45CF1CF6B82C0032C3C9 /* LoginViewController.swift in Sources */,
				658C50BD1CF774F300336DF4 /* Network.swift in Sources */,
				659D45BB1CF6A46E0032C3C9 /* PeopleViewController.swift in Sources */,
				654458991CF5367400CA5F4C /* AppDelegate.swift in Sources */,
				659D45C91CF6A6410032C3C9 /* Message.swift in Sources */,
			);
			runOnlyForDeploymentPostprocessing = 0;
		};
/* End PBXSourcesBuildPhase section */

/* Begin PBXVariantGroup section */
		654458A11CF5367400CA5F4C /* LaunchScreen.storyboard */ = {
			isa = PBXVariantGroup;
			children = (
				654458A21CF5367400CA5F4C /* Base */,
			);
			name = LaunchScreen.storyboard;
			sourceTree = "<group>";
		};
/* End PBXVariantGroup section */

/* Begin XCBuildConfiguration section */
		654458A51CF5367400CA5F4C /* Debug */ = {
			isa = XCBuildConfiguration;
			buildSettings = {
				ALWAYS_SEARCH_USER_PATHS = NO;
				CLANG_ANALYZER_NONNULL = YES;
				CLANG_CXX_LANGUAGE_STANDARD = "gnu++0x";
				CLANG_CXX_LIBRARY = "libc++";
				CLANG_ENABLE_MODULES = YES;
				CLANG_ENABLE_OBJC_ARC = YES;
				CLANG_WARN_BOOL_CONVERSION = YES;
				CLANG_WARN_CONSTANT_CONVERSION = YES;
				CLANG_WARN_DIRECT_OBJC_ISA_USAGE = YES_ERROR;
				CLANG_WARN_EMPTY_BODY = YES;
				CLANG_WARN_ENUM_CONVERSION = YES;
				CLANG_WARN_INT_CONVERSION = YES;
				CLANG_WARN_OBJC_ROOT_CLASS = YES_ERROR;
				CLANG_WARN_UNREACHABLE_CODE = YES;
				CLANG_WARN__DUPLICATE_METHOD_MATCH = YES;
				"CODE_SIGN_IDENTITY[sdk=iphoneos*]" = "iPhone Developer";
				COPY_PHASE_STRIP = NO;
				DEBUG_INFORMATION_FORMAT = dwarf;
				ENABLE_STRICT_OBJC_MSGSEND = YES;
				ENABLE_TESTABILITY = YES;
				GCC_C_LANGUAGE_STANDARD = gnu99;
				GCC_DYNAMIC_NO_PIC = NO;
				GCC_NO_COMMON_BLOCKS = YES;
				GCC_OPTIMIZATION_LEVEL = 0;
				GCC_PREPROCESSOR_DEFINITIONS = (
					"DEBUG=1",
					"$(inherited)",
				);
				GCC_WARN_64_TO_32_BIT_CONVERSION = YES;
				GCC_WARN_ABOUT_RETURN_TYPE = YES_ERROR;
				GCC_WARN_UNDECLARED_SELECTOR = YES;
				GCC_WARN_UNINITIALIZED_AUTOS = YES_AGGRESSIVE;
				GCC_WARN_UNUSED_FUNCTION = YES;
				GCC_WARN_UNUSED_VARIABLE = YES;
				IPHONEOS_DEPLOYMENT_TARGET = 9.3;
				MTL_ENABLE_DEBUG_INFO = YES;
				ONLY_ACTIVE_ARCH = YES;
				SDKROOT = iphoneos;
				SWIFT_OPTIMIZATION_LEVEL = "-Onone";
			};
			name = Debug;
		};
		654458A61CF5367400CA5F4C /* Release */ = {
			isa = XCBuildConfiguration;
			buildSettings = {
				ALWAYS_SEARCH_USER_PATHS = NO;
				CLANG_ANALYZER_NONNULL = YES;
				CLANG_CXX_LANGUAGE_STANDARD = "gnu++0x";
				CLANG_CXX_LIBRARY = "libc++";
				CLANG_ENABLE_MODULES = YES;
				CLANG_ENABLE_OBJC_ARC = YES;
				CLANG_WARN_BOOL_CONVERSION = YES;
				CLANG_WARN_CONSTANT_CONVERSION = YES;
				CLANG_WARN_DIRECT_OBJC_ISA_USAGE = YES_ERROR;
				CLANG_WARN_EMPTY_BODY = YES;
				CLANG_WARN_ENUM_CONVERSION = YES;
				CLANG_WARN_INT_CONVERSION = YES;
				CLANG_WARN_OBJC_ROOT_CLASS = YES_ERROR;
				CLANG_WARN_UNREACHABLE_CODE = YES;
				CLANG_WARN__DUPLICATE_METHOD_MATCH = YES;
				"CODE_SIGN_IDENTITY[sdk=iphoneos*]" = "iPhone Developer";
				COPY_PHASE_STRIP = NO;
				DEBUG_INFORMATION_FORMAT = "dwarf-with-dsym";
				ENABLE_NS_ASSERTIONS = NO;
				ENABLE_STRICT_OBJC_MSGSEND = YES;
				GCC_C_LANGUAGE_STANDARD = gnu99;
				GCC_NO_COMMON_BLOCKS = YES;
				GCC_WARN_64_TO_32_BIT_CONVERSION = YES;
				GCC_WARN_ABOUT_RETURN_TYPE = YES_ERROR;
				GCC_WARN_UNDECLARED_SELECTOR = YES;
				GCC_WARN_UNINITIALIZED_AUTOS = YES_AGGRESSIVE;
				GCC_WARN_UNUSED_FUNCTION = YES;
				GCC_WARN_UNUSED_VARIABLE = YES;
				IPHONEOS_DEPLOYMENT_TARGET = 9.3;
				MTL_ENABLE_DEBUG_INFO = NO;
				SDKROOT = iphoneos;
				VALIDATE_PRODUCT = YES;
			};
			name = Release;
		};
		654458A81CF5367400CA5F4C /* Debug */ = {
			isa = XCBuildConfiguration;
			baseConfigurationReference = C3BDFE0EDAC6A51D64464A6C /* Pods-MicroChat.debug.xcconfig */;
			buildSettings = {
				ASSETCATALOG_COMPILER_APPICON_NAME = AppIcon;
				CODE_SIGN_IDENTITY = "iPhone Developer";
				INFOPLIST_FILE = "$(SRCROOT)/MicroChat/Info.plist";
				LD_RUNPATH_SEARCH_PATHS = "$(inherited) @executable_path/Frameworks";
				PRODUCT_BUNDLE_IDENTIFIER = com.dantheli.microchat;
				PRODUCT_NAME = MicroChat;
			};
			name = Debug;
		};
		654458A91CF5367400CA5F4C /* Release */ = {
			isa = XCBuildConfiguration;
			baseConfigurationReference = C3C412E47B706C8DA1A33698 /* Pods-MicroChat.release.xcconfig */;
			buildSettings = {
				ASSETCATALOG_COMPILER_APPICON_NAME = AppIcon;
				CODE_SIGN_IDENTITY = "iPhone Developer";
				INFOPLIST_FILE = "$(SRCROOT)/MicroChat/Info.plist";
				LD_RUNPATH_SEARCH_PATHS = "$(inherited) @executable_path/Frameworks";
				PRODUCT_BUNDLE_IDENTIFIER = com.dantheli.microchat;
				PRODUCT_NAME = MicroChat;
			};
			name = Release;
		};
/* End XCBuildConfiguration section */

/* Begin XCConfigurationList section */
		654458901CF5367300CA5F4C /* Build configuration list for PBXProject "MicroChat" */ = {
			isa = XCConfigurationList;
			buildConfigurations = (
				654458A51CF5367400CA5F4C /* Debug */,
				654458A61CF5367400CA5F4C /* Release */,
			);
			defaultConfigurationIsVisible = 0;
			defaultConfigurationName = Release;
		};
		654458A71CF5367400CA5F4C /* Build configuration list for PBXNativeTarget "MicroChat" */ = {
			isa = XCConfigurationList;
			buildConfigurations = (
				654458A81CF5367400CA5F4C /* Debug */,
				654458A91CF5367400CA5F4C /* Release */,
			);
			defaultConfigurationIsVisible = 0;
			defaultConfigurationName = Release;
		};
/* End XCConfigurationList section */
	};
	rootObject = 6544588D1CF5367300CA5F4C /* Project object */;
}
